
Microsoft Visual Studio Solution File, Format Version 12.00
# Visual Studio Version 17
VisualStudioVersion = 17.8.34330.188
MinimumVisualStudioVersion = 10.0.40219.1
Project("{FAE04EC0-301F-11D3-BF4B-00C04F79EFBC}") = "GetFromQueue", "GetFromQueue.csproj", "{64381E32-4B5D-443C-8D39-9366CA012D01}"
EndProject
Global
	GlobalSection(SolutionConfigurationPlatforms) = preSolution
		Debug|Any CPU = Debug|Any CPU
		Release|Any CPU = Release|Any CPU
	EndGlobalSection
	GlobalSection(ProjectConfigurationPlatforms) = postSolution
		{64381E32-4B5D-443C-8D39-9366CA012D01}.Debug|Any CPU.ActiveCfg = Debug|Any CPU
		{64381E32-4B5D-443C-8D39-9366CA012D01}.Debug|Any CPU.Build.0 = Debug|Any CPU
		{64381E32-4B5D-443C-8D39-9366CA012D01}.Release|Any CPU.ActiveCfg = Release|Any CPU
		{64381E32-4B5D-443C-8D39-9366CA012D01}.Release|Any CPU.Build.0 = Release|Any CPU
	EndGlobalSection
	GlobalSection(SolutionProperties) = preSolution
		HideSolutionNode = FALSE
	EndGlobalSection
	GlobalSection(ExtensibilityGlobals) = postSolution
		SolutionGuid = {5ED93294-0C57-41A5-BC66-FD838EC7049A}
	EndGlobalSection
EndGlobal
